# This file is autogenerated, do not edit; changes may be undone by the next 'dep ensure'.


[[projects]]
  branch = "master"
  name = "github.com/iotaledger/giota"
  packages = [
    ".",
    "cl"
  ]
  revision = "1b2ad5ebc013ed4bdebce30fc397ad80f286e9fe"

[[projects]]
  name = "github.com/pkg/profile"
  packages = ["."]
  revision = "5b67d428864e92711fcbd2f8629456121a56d91f"
  version = "v1.2.1"

[[projects]]
  branch = "master"
  name = "github.com/tildeleb/hashland"
  packages = ["keccakpg"]
  revision = "07375b562deaa8d6891f9618a04e94a0b98e2ee7"

[solve-meta]
  analyzer-name = "dep"
  analyzer-version = 1
  inputs-digest = "f634225445f18d6992c3cff430df181ecd863ccb7d8f455a9b9e2ae62c437253"
  solver-name = "gps-cdcl"
  solver-version = 1
